
Microsoft Visual Studio Solution File, Format Version 12.00
# Visual Studio Version 17
VisualStudioVersion = 17.0.31912.275
MinimumVisualStudioVersion = 10.0.40219.1
Project("{888888A0-9F3D-457C-B088-3A5042F75D52}") = "incrementalandhistorical", "incrementalandhistorical\incrementalandhistorical.pyproj", "{40E39C9D-4468-4877-AED6-29ADC0488582}"
EndProject
Global
	GlobalSection(SolutionConfigurationPlatforms) = preSolution
		Debug|Any CPU = Debug|Any CPU
		Release|Any CPU = Release|Any CPU
	EndGlobalSection
	GlobalSection(ProjectConfigurationPlatforms) = postSolution
		{40E39C9D-4468-4877-AED6-29ADC0488582}.Debug|Any CPU.ActiveCfg = Debug|Any CPU
		{40E39C9D-4468-4877-AED6-29ADC0488582}.Release|Any CPU.ActiveCfg = Release|Any CPU
	EndGlobalSection
	GlobalSection(SolutionProperties) = preSolution
		HideSolutionNode = FALSE
	EndGlobalSection
	GlobalSection(ExtensibilityGlobals) = postSolution
		SolutionGuid = {BCEE23B1-B6CE-4C1A-B07B-CF7E616DB188}
	EndGlobalSection
EndGlobal
